
Microsoft Visual Studio Solution File, Format Version 12.00
# Visual Studio 15
VisualStudioVersion = 15.0.28307.136
MinimumVisualStudioVersion = 10.0.40219.1
Project("{FAE04EC0-301F-11D3-BF4B-00C04F79EFBC}") = "SearchInWordFiles", "SearchInWordFiles.csproj", "{625C5BFC-40BA-497C-B963-4CD1E4AF0BD3}"
EndProject
Global
	GlobalSection(SubversionScc) = preSolution
		Svn-Managed = True
		Manager = AnkhSVN - Subversion Support for Visual Studio
	EndGlobalSection
	GlobalSection(SolutionConfigurationPlatforms) = preSolution
		Debug|Any CPU = Debug|Any CPU
		Release|Any CPU = Release|Any CPU
	EndGlobalSection
	GlobalSection(ProjectConfigurationPlatforms) = postSolution
		{625C5BFC-40BA-497C-B963-4CD1E4AF0BD3}.Debug|Any CPU.ActiveCfg = Debug|Any CPU
		{625C5BFC-40BA-497C-B963-4CD1E4AF0BD3}.Debug|Any CPU.Build.0 = Debug|Any CPU
		{625C5BFC-40BA-497C-B963-4CD1E4AF0BD3}.Release|Any CPU.ActiveCfg = Release|Any CPU
		{625C5BFC-40BA-497C-B963-4CD1E4AF0BD3}.Release|Any CPU.Build.0 = Release|Any CPU
	EndGlobalSection
	GlobalSection(SolutionProperties) = preSolution
		HideSolutionNode = FALSE
	EndGlobalSection
	GlobalSection(ExtensibilityGlobals) = postSolution
		SolutionGuid = {1B8A8D46-5404-4121-941E-C50344CD7F44}
	EndGlobalSection
EndGlobal
